
Microsoft Visual Studio Solution File, Format Version 12.00
# Visual Studio Version 17
VisualStudioVersion = 17.0.32014.148
MinimumVisualStudioVersion = 10.0.40219.1
Project("{FAE04EC0-301F-11D3-BF4B-00C04F79EFBC}") = "productRewiewManagement", "productRewiewManagement\productRewiewManagement.csproj", "{DCD52AC3-44CA-4EC5-854E-F2A4ADFCF266}"
EndProject
Global
	GlobalSection(SolutionConfigurationPlatforms) = preSolution
		Debug|Any CPU = Debug|Any CPU
		Release|Any CPU = Release|Any CPU
	EndGlobalSection
	GlobalSection(ProjectConfigurationPlatforms) = postSolution
		{DCD52AC3-44CA-4EC5-854E-F2A4ADFCF266}.Debug|Any CPU.ActiveCfg = Debug|Any CPU
		{DCD52AC3-44CA-4EC5-854E-F2A4ADFCF266}.Debug|Any CPU.Build.0 = Debug|Any CPU
		{DCD52AC3-44CA-4EC5-854E-F2A4ADFCF266}.Release|Any CPU.ActiveCfg = Release|Any CPU
		{DCD52AC3-44CA-4EC5-854E-F2A4ADFCF266}.Release|Any CPU.Build.0 = Release|Any CPU
	EndGlobalSection
	GlobalSection(SolutionProperties) = preSolution
		HideSolutionNode = FALSE
	EndGlobalSection
	GlobalSection(ExtensibilityGlobals) = postSolution
		SolutionGuid = {791A2B25-7A07-4944-ADB5-FC2991947F7F}
	EndGlobalSection
EndGlobal
